<?xml version="1.0" encoding="utf-8"?>
<Project ToolsVersion="4.0" xmlns="http://schemas.microsoft.com/developer/msbuild/2003">
  <ItemGroup>
    <Filter Include="Arquivos de Origem">
      <UniqueIdentifier>{4FC737F1-C7A5-4376-A066-2A32D752A2FF}</UniqueIdentifier>
      <Extensions>cpp;c;cc;cxx;c++;cppm;ixx;def;odl;idl;hpj;bat;asm;asmx</Extensions>
    </Filter>
    <Filter Include="Arquivos de Cabeçalho">
      <UniqueIdentifier>{93995380-89BD-4b04-88EB-625FBE52EBFB}</UniqueIdentifier>
      <Extensions>h;hh;hpp;hxx;h++;hm;inl;inc;ipp;xsd</Extensions>
    </Filter>
    <Filter Include="Arquivos de Recurso">
      <UniqueIdentifier>{67DA6AB6-F800-4c08-8B7A-83BB121AAD01}</UniqueIdentifier>
      <Extensions>rc;ico;cur;bmp;dlg;rc2;rct;bin;rgs;gif;jpg;jpeg;jpe;resx;tiff;tif;wav;mfcribbon-ms</Extensions>
    </Filter>
    <Filter Include="Core"><UniqueIdentifier>{a1111111-1111-4111-8111-111111111111}</UniqueIdentifier></Filter>
    <Filter Include="Gameplay"><UniqueIdentifier>{a2222222-2222-4222-8222-222222222222}</UniqueIdentifier></Filter>
    <Filter Include="Entities"><UniqueIdentifier>{a3333333-3333-4333-8333-333333333333}</UniqueIdentifier></Filter>
    <Filter Include="Scenes"><UniqueIdentifier>{a4444444-4444-4444-8444-444444444444}</UniqueIdentifier></Filter>
    <Filter Include="Systems"><UniqueIdentifier>{a5555555-5555-4555-8555-555555555555}</UniqueIdentifier></Filter>
  </ItemGroup>
  <ItemGroup>
    <ClCompile Include="src\main.c"><Filter>Arquivos de Origem</Filter></ClCompile>
    <ClCompile Include="src\core\game.c"><Filter>Core</Filter></ClCompile>
    <ClCompile Include="src\gameplay\gameplay.c"><Filter>Gameplay</Filter></ClCompile>
  </ItemGroup>
  <ItemGroup>
    <ClInclude Include="src\core\game.h"><Filter>Core</Filter></ClInclude>
    <ClInclude Include="src\gameplay\gameplay.h"><Filter>Gameplay</Filter></ClInclude>
    <ClInclude Include="src\entities\entities.h"><Filter>Entities</Filter></ClInclude>
    <ClInclude Include="src\scenes\scenes.h"><Filter>Scenes</Filter></ClInclude>
    <ClInclude Include="src\systems\systems.h"><Filter>Systems</Filter></ClInclude>
  </ItemGroup>
  <ItemGroup><None Include="packages.config" /></ItemGroup>
</Project>